
Microsoft Visual Studio Solution File, Format Version 12.00
# Visual Studio Version 17
VisualStudioVersion = 17.5.33516.290
MinimumVisualStudioVersion = 10.0.40219.1
Project("{FAE04EC0-301F-11D3-BF4B-00C04F79EFBC}") = "refuerzoS3.Android", "refuerzoS3.Android\refuerzoS3.Android.csproj", "{49398EEC-2522-4407-9EDD-15AFC481C3AF}"
EndProject
Project("{FAE04EC0-301F-11D3-BF4B-00C04F79EFBC}") = "refuerzoS3.iOS", "refuerzoS3.iOS\refuerzoS3.iOS.csproj", "{24130046-DC27-458A-AFB5-4CDE9170FC8D}"
EndProject
Project("{FAE04EC0-301F-11D3-BF4B-00C04F79EFBC}") = "refuerzoS3", "refuerzoS3\refuerzoS3.csproj", "{9C5382E8-0A30-4A0F-9F23-9907443E60E3}"
EndProject
Global
	GlobalSection(SolutionConfigurationPlatforms) = preSolution
		Debug|Any CPU = Debug|Any CPU
		Debug|iPhone = Debug|iPhone
		Debug|iPhoneSimulator = Debug|iPhoneSimulator
		Release|Any CPU = Release|Any CPU
		Release|iPhone = Release|iPhone
		Release|iPhoneSimulator = Release|iPhoneSimulator
	EndGlobalSection
	GlobalSection(ProjectConfigurationPlatforms) = postSolution
		{49398EEC-2522-4407-9EDD-15AFC481C3AF}.Debug|Any CPU.ActiveCfg = Debug|Any CPU
		{49398EEC-2522-4407-9EDD-15AFC481C3AF}.Debug|Any CPU.Build.0 = Debug|Any CPU
		{49398EEC-2522-4407-9EDD-15AFC481C3AF}.Debug|Any CPU.Deploy.0 = Debug|Any CPU
		{49398EEC-2522-4407-9EDD-15AFC481C3AF}.Debug|iPhone.ActiveCfg = Debug|Any CPU
		{49398EEC-2522-4407-9EDD-15AFC481C3AF}.Debug|iPhone.Build.0 = Debug|Any CPU
		{49398EEC-2522-4407-9EDD-15AFC481C3AF}.Debug|iPhone.Deploy.0 = Debug|Any CPU
		{49398EEC-2522-4407-9EDD-15AFC481C3AF}.Debug|iPhoneSimulator.ActiveCfg = Debug|Any CPU
		{49398EEC-2522-4407-9EDD-15AFC481C3AF}.Debug|iPhoneSimulator.Build.0 = Debug|Any CPU
		{49398EEC-2522-4407-9EDD-15AFC481C3AF}.Debug|iPhoneSimulator.Deploy.0 = Debug|Any CPU
		{49398EEC-2522-4407-9EDD-15AFC481C3AF}.Release|Any CPU.ActiveCfg = Release|Any CPU
		{49398EEC-2522-4407-9EDD-15AFC481C3AF}.Release|Any CPU.Build.0 = Release|Any CPU
		{49398EEC-2522-4407-9EDD-15AFC481C3AF}.Release|Any CPU.Deploy.0 = Release|Any CPU
		{49398EEC-2522-4407-9EDD-15AFC481C3AF}.Release|iPhone.ActiveCfg = Release|Any CPU
		{49398EEC-2522-4407-9EDD-15AFC481C3AF}.Release|iPhone.Build.0 = Release|Any CPU
		{49398EEC-2522-4407-9EDD-15AFC481C3AF}.Release|iPhone.Deploy.0 = Release|Any CPU
		{49398EEC-2522-4407-9EDD-15AFC481C3AF}.Release|iPhoneSimulator.ActiveCfg = Release|Any CPU
		{49398EEC-2522-4407-9EDD-15AFC481C3AF}.Release|iPhoneSimulator.Build.0 = Release|Any CPU
		{49398EEC-2522-4407-9EDD-15AFC481C3AF}.Release|iPhoneSimulator.Deploy.0 = Release|Any CPU
		{24130046-DC27-458A-AFB5-4CDE9170FC8D}.Debug|Any CPU.ActiveCfg = Debug|iPhone
		{24130046-DC27-458A-AFB5-4CDE9170FC8D}.Debug|Any CPU.Build.0 = Debug|iPhone
		{24130046-DC27-458A-AFB5-4CDE9170FC8D}.Debug|Any CPU.Deploy.0 = Debug|iPhone
		{24130046-DC27-458A-AFB5-4CDE9170FC8D}.Debug|iPhone.ActiveCfg = Debug|iPhone
		{24130046-DC27-458A-AFB5-4CDE9170FC8D}.Debug|iPhone.Build.0 = Debug|iPhone
		{24130046-DC27-458A-AFB5-4CDE9170FC8D}.Debug|iPhone.Deploy.0 = Debug|iPhone
		{24130046-DC27-458A-AFB5-4CDE9170FC8D}.Debug|iPhoneSimulator.ActiveCfg = Debug|iPhoneSimulator
		{24130046-DC27-458A-AFB5-4CDE9170FC8D}.Debug|iPhoneSimulator.Build.0 = Debug|iPhoneSimulator
		{24130046-DC27-458A-AFB5-4CDE9170FC8D}.Debug|iPhoneSimulator.Deploy.0 = Debug|iPhoneSimulator
		{24130046-DC27-458A-AFB5-4CDE9170FC8D}.Release|Any CPU.ActiveCfg = Release|iPhoneSimulator
		{24130046-DC27-458A-AFB5-4CDE9170FC8D}.Release|Any CPU.Build.0 = Release|iPhoneSimulator
		{24130046-DC27-458A-AFB5-4CDE9170FC8D}.Release|Any CPU.Deploy.0 = Release|iPhoneSimulator
		{24130046-DC27-458A-AFB5-4CDE9170FC8D}.Release|iPhone.ActiveCfg = Release|iPhone
		{24130046-DC27-458A-AFB5-4CDE9170FC8D}.Release|iPhone.Build.0 = Release|iPhone
		{24130046-DC27-458A-AFB5-4CDE9170FC8D}.Release|iPhone.Deploy.0 = Release|iPhone
		{24130046-DC27-458A-AFB5-4CDE9170FC8D}.Release|iPhoneSimulator.ActiveCfg = Release|iPhoneSimulator
		{24130046-DC27-458A-AFB5-4CDE9170FC8D}.Release|iPhoneSimulator.Build.0 = Release|iPhoneSimulator
		{24130046-DC27-458A-AFB5-4CDE9170FC8D}.Release|iPhoneSimulator.Deploy.0 = Release|iPhoneSimulator
		{9C5382E8-0A30-4A0F-9F23-9907443E60E3}.Debug|Any CPU.ActiveCfg = Debug|Any CPU
		{9C5382E8-0A30-4A0F-9F23-9907443E60E3}.Debug|Any CPU.Build.0 = Debug|Any CPU
		{9C5382E8-0A30-4A0F-9F23-9907443E60E3}.Debug|Any CPU.Deploy.0 = Debug|Any CPU
		{9C5382E8-0A30-4A0F-9F23-9907443E60E3}.Debug|iPhone.ActiveCfg = Debug|Any CPU
		{9C5382E8-0A30-4A0F-9F23-9907443E60E3}.Debug|iPhone.Build.0 = Debug|Any CPU
		{9C5382E8-0A30-4A0F-9F23-9907443E60E3}.Debug|iPhone.Deploy.0 = Debug|Any CPU
		{9C5382E8-0A30-4A0F-9F23-9907443E60E3}.Debug|iPhoneSimulator.ActiveCfg = Debug|Any CPU
		{9C5382E8-0A30-4A0F-9F23-9907443E60E3}.Debug|iPhoneSimulator.Build.0 = Debug|Any CPU
		{9C5382E8-0A30-4A0F-9F23-9907443E60E3}.Debug|iPhoneSimulator.Deploy.0 = Debug|Any CPU
		{9C5382E8-0A30-4A0F-9F23-9907443E60E3}.Release|Any CPU.ActiveCfg = Release|Any CPU
		{9C5382E8-0A30-4A0F-9F23-9907443E60E3}.Release|Any CPU.Build.0 = Release|Any CPU
		{9C5382E8-0A30-4A0F-9F23-9907443E60E3}.Release|Any CPU.Deploy.0 = Release|Any CPU
		{9C5382E8-0A30-4A0F-9F23-9907443E60E3}.Release|iPhone.ActiveCfg = Release|Any CPU
		{9C5382E8-0A30-4A0F-9F23-9907443E60E3}.Release|iPhone.Build.0 = Release|Any CPU
		{9C5382E8-0A30-4A0F-9F23-9907443E60E3}.Release|iPhone.Deploy.0 = Release|Any CPU
		{9C5382E8-0A30-4A0F-9F23-9907443E60E3}.Release|iPhoneSimulator.ActiveCfg = Release|Any CPU
		{9C5382E8-0A30-4A0F-9F23-9907443E60E3}.Release|iPhoneSimulator.Build.0 = Release|Any CPU
		{9C5382E8-0A30-4A0F-9F23-9907443E60E3}.Release|iPhoneSimulator.Deploy.0 = Release|Any CPU
	EndGlobalSection
	GlobalSection(SolutionProperties) = preSolution
		HideSolutionNode = FALSE
	EndGlobalSection
	GlobalSection(ExtensibilityGlobals) = postSolution
		SolutionGuid = {7FAD7998-86DD-48D3-B797-3FCDD8B28AD1}
	EndGlobalSection
EndGlobal
